
Microsoft Visual Studio Solution File, Format Version 12.00
# Visual Studio Version 17
VisualStudioVersion = 17.1.32328.378
MinimumVisualStudioVersion = 10.0.40219.1
Project("{FAE04EC0-301F-11D3-BF4B-00C04F79EFBC}") = "LaRealCalculadoraRD2022", "LaRealCalculadoraRD2022\LaRealCalculadoraRD2022.csproj", "{C0D0F4A8-F4DB-48C5-95FA-1292ADEB79FA}"
EndProject
Global
	GlobalSection(SolutionConfigurationPlatforms) = preSolution
		Debug|Any CPU = Debug|Any CPU
		Release|Any CPU = Release|Any CPU
	EndGlobalSection
	GlobalSection(ProjectConfigurationPlatforms) = postSolution
		{C0D0F4A8-F4DB-48C5-95FA-1292ADEB79FA}.Debug|Any CPU.ActiveCfg = Debug|Any CPU
		{C0D0F4A8-F4DB-48C5-95FA-1292ADEB79FA}.Debug|Any CPU.Build.0 = Debug|Any CPU
		{C0D0F4A8-F4DB-48C5-95FA-1292ADEB79FA}.Release|Any CPU.ActiveCfg = Release|Any CPU
		{C0D0F4A8-F4DB-48C5-95FA-1292ADEB79FA}.Release|Any CPU.Build.0 = Release|Any CPU
	EndGlobalSection
	GlobalSection(SolutionProperties) = preSolution
		HideSolutionNode = FALSE
	EndGlobalSection
	GlobalSection(ExtensibilityGlobals) = postSolution
		SolutionGuid = {983B8BDD-151A-44D0-BB15-9688D5047367}
	EndGlobalSection
EndGlobal
